
Microsoft Visual Studio Solution File, Format Version 12.00
# Visual Studio 15
VisualStudioVersion = 15.0.27703.2042
MinimumVisualStudioVersion = 10.0.40219.1
Project("{FAE04EC0-301F-11D3-BF4B-00C04F79EFBC}") = "TodoListApi", "TodoListApi\TodoListApi.csproj", "{40EF5488-727B-40F7-90EF-33985C729C1E}"
EndProject
Global
	GlobalSection(SolutionConfigurationPlatforms) = preSolution
		Debug|Any CPU = Debug|Any CPU
		Release|Any CPU = Release|Any CPU
	EndGlobalSection
	GlobalSection(ProjectConfigurationPlatforms) = postSolution
		{40EF5488-727B-40F7-90EF-33985C729C1E}.Debug|Any CPU.ActiveCfg = Debug|Any CPU
		{40EF5488-727B-40F7-90EF-33985C729C1E}.Debug|Any CPU.Build.0 = Debug|Any CPU
		{40EF5488-727B-40F7-90EF-33985C729C1E}.Release|Any CPU.ActiveCfg = Release|Any CPU
		{40EF5488-727B-40F7-90EF-33985C729C1E}.Release|Any CPU.Build.0 = Release|Any CPU
	EndGlobalSection
	GlobalSection(SolutionProperties) = preSolution
		HideSolutionNode = FALSE
	EndGlobalSection
	GlobalSection(ExtensibilityGlobals) = postSolution
		SolutionGuid = {234938C5-188C-4A6F-BEE9-3D4C4AB85222}
	EndGlobalSection
EndGlobal
